# This file is automatically @generated by Poetry 1.5.4 and should not be changed by hand.

[[package]]
name = "blinker"
version = "1.6.2"
description = "Fast, simple object-to-object and broadcast signaling"
optional = false
python-versions = ">=3.7"
files = [
    {file = "blinker-1.6.2-py3-none-any.whl", hash = "sha256:c3d739772abb7bc2860abf5f2ec284223d9ad5c76da018234f6f50d6f31ab1f0"},
    {file = "blinker-1.6.2.tar.gz", hash = "sha256:4afd3de66ef3a9f8067559fb7a1cbe555c17dcbe15971b05d1b625c3e7abe213"},
]

[[package]]
name = "click"
version = "8.1.6"
description = "Composable command line interface toolkit"
optional = false
python-versions = ">=3.7"
files = [
    {file = "click-8.1.6-py3-none-any.whl", hash = "sha256:fa244bb30b3b5ee2cae3da8f55c9e5e0c0e86093306301fb418eb9dc40fbded5"},
    {file = "click-8.1.6.tar.gz", hash = "sha256:48ee849951919527a045bfe3bf7baa8a959c423134e1a5b98c05c20ba75a1cbd"},
]

[package.dependencies]
colorama = {version = "*", markers = "platform_system == \"Windows\""}

[[package]]
name = "colorama"
version = "0.4.6"
description = "Cross-platform colored terminal text."
optional = false
python-versions = "!=3.0.*,!=3.1.*,!=3.2.*,!=3.3.*,!=3.4.*,!=3.5.*,!=3.6.*,>=2.7"
files = [
    {file = "colorama-0.4.6-py2.py3-none-any.whl", hash = "sha256:4f1d9991f5acc0ca119f9d443620b77f9d6b33703e51011c16baf57afb285fc6"},
    {file = "colorama-0.4.6.tar.gz", hash = "sha256:08695f5cb7ed6e0531a20572697297273c47b8cae5a63ffc6d6ed5c201be6e44"},
]

[[package]]
name = "flask"
version = "3.0.0"
description = "A simple framework for building complex web applications."
optional = false
python-versions = ">=3.8"
files = [
    {file = "flask-3.0.0-py3-none-any.whl", hash = "sha256:21128f47e4e3b9d597a3e8521a329bf56909b690fcc3fa3e477725aa81367638"},
    {file = "flask-3.0.0.tar.gz", hash = "sha256:cfadcdb638b609361d29ec22360d6070a77d7463dcb3ab08d2c2f2f168845f58"},
]

[package.dependencies]
blinker = ">=1.6.2"
click = ">=8.1.3"
itsdangerous = ">=2.1.2"
Jinja2 = ">=3.1.2"
Werkzeug = ">=3.0.0"

[package.extras]
async = ["asgiref (>=3.2)"]
dotenv = ["python-dotenv"]

[[package]]
name = "grpcio"
version = "1.60.1"
description = "HTTP/2-based RPC framework"
optional = false
python-versions = ">=3.7"
files = [
    {file = "grpcio-1.60.1-cp310-cp310-linux_armv7l.whl", hash = "sha256:14e8f2c84c0832773fb3958240c69def72357bc11392571f87b2d7b91e0bb092"},
    {file = "grpcio-1.60.1-cp310-cp310-macosx_12_0_universal2.whl", hash = "sha256:33aed0a431f5befeffd9d346b0fa44b2c01aa4aeae5ea5b2c03d3e25e0071216"},
    {file = "grpcio-1.60.1-cp310-cp310-manylinux_2_17_aarch64.whl", hash = "sha256:fead980fbc68512dfd4e0c7b1f5754c2a8e5015a04dea454b9cada54a8423525"},
    {file = "grpcio-1.60.1-cp310-cp310-manylinux_2_17_i686.manylinux2014_i686.whl", hash = "sha256:082081e6a36b6eb5cf0fd9a897fe777dbb3802176ffd08e3ec6567edd85bc104"},
    {file = "grpcio-1.60.1-cp310-cp310-manylinux_2_17_x86_64.manylinux2014_x86_64.whl", hash = "sha256:55ccb7db5a665079d68b5c7c86359ebd5ebf31a19bc1a91c982fd622f1e31ff2"},
    {file = "grpcio-1.60.1-cp310-cp310-musllinux_1_1_i686.whl", hash = "sha256:9b54577032d4f235452f77a83169b6527bf4b77d73aeada97d45b2aaf1bf5ce0"},
    {file = "grpcio-1.60.1-cp310-cp310-musllinux_1_1_x86_64.whl", hash = "sha256:7d142bcd604166417929b071cd396aa13c565749a4c840d6c702727a59d835eb"},
    {file = "grpcio-1.60.1-cp310-cp310-win32.whl", hash = "sha256:2a6087f234cb570008a6041c8ffd1b7d657b397fdd6d26e83d72283dae3527b1"},
    {file = "grpcio-1.60.1-cp310-cp310-win_amd64.whl", hash = "sha256:f2212796593ad1d0235068c79836861f2201fc7137a99aa2fea7beeb3b101177"},
    {file = "grpcio-1.60.1-cp311-cp311-linux_armv7l.whl", hash = "sha256:79ae0dc785504cb1e1788758c588c711f4e4a0195d70dff53db203c95a0bd303"},
    {file = "grpcio-1.60.1-cp311-cp311-macosx_10_10_universal2.whl", hash = "sha256:4eec8b8c1c2c9b7125508ff7c89d5701bf933c99d3910e446ed531cd16ad5d87"},
    {file = "grpcio-1.60.1-cp311-cp311-manylinux_2_17_aarch64.whl", hash = "sha256:8c9554ca8e26241dabe7951aa1fa03a1ba0856688ecd7e7bdbdd286ebc272e4c"},
    {file = "grpcio-1.60.1-cp311-cp311-manylinux_2_17_i686.manylinux2014_i686.whl", hash = "sha256:91422ba785a8e7a18725b1dc40fbd88f08a5bb4c7f1b3e8739cab24b04fa8a03"},
    {file = "grpcio-1.60.1-cp311-cp311-manylinux_2_17_x86_64.manylinux2014_x86_64.whl", hash = "sha256:cba6209c96828711cb7c8fcb45ecef8c8859238baf15119daa1bef0f6c84bfe7"},
    {file = "grpcio-1.60.1-cp311-cp311-musllinux_1_1_i686.whl", hash = "sha256:c71be3f86d67d8d1311c6076a4ba3b75ba5703c0b856b4e691c9097f9b1e8bd2"},
    {file = "grpcio-1.60.1-cp311-cp311-musllinux_1_1_x86_64.whl", hash = "sha256:af5ef6cfaf0d023c00002ba25d0751e5995fa0e4c9eec6cd263c30352662cbce"},
    {file = "grpcio-1.60.1-cp311-cp311-win32.whl", hash = "sha256:a09506eb48fa5493c58f946c46754ef22f3ec0df64f2b5149373ff31fb67f3dd"},
    {file = "grpcio-1.60.1-cp311-cp311-win_amd64.whl", hash = "sha256:49c9b6a510e3ed8df5f6f4f3c34d7fbf2d2cae048ee90a45cd7415abab72912c"},
    {file = "grpcio-1.60.1-cp312-cp312-linux_armv7l.whl", hash = "sha256:b58b855d0071575ea9c7bc0d84a06d2edfbfccec52e9657864386381a7ce1ae9"},
    {file = "grpcio-1.60.1-cp312-cp312-macosx_10_10_universal2.whl", hash = "sha256:a731ac5cffc34dac62053e0da90f0c0b8560396a19f69d9703e88240c8f05858"},
    {file = "grpcio-1.60.1-cp312-cp312-manylinux_2_17_aarch64.whl", hash = "sha256:cf77f8cf2a651fbd869fbdcb4a1931464189cd210abc4cfad357f1cacc8642a6"},
    {file = "grpcio-1.60.1-cp312-cp312-manylinux_2_17_i686.manylinux2014_i686.whl", hash = "sha256:c557e94e91a983e5b1e9c60076a8fd79fea1e7e06848eb2e48d0ccfb30f6e073"},
    {file = "grpcio-1.60.1-cp312-cp312-manylinux_2_17_x86_64.manylinux2014_x86_64.whl", hash = "sha256:069fe2aeee02dfd2135d562d0663fe70fbb69d5eed6eb3389042a7e963b54de8"},
    {file = "grpcio-1.60.1-cp312-cp312-musllinux_1_1_i686.whl", hash = "sha256:cb0af13433dbbd1c806e671d81ec75bd324af6ef75171fd7815ca3074fe32bfe"},
    {file = "grpcio-1.60.1-cp312-cp312-musllinux_1_1_x86_64.whl", hash = "sha256:2f44c32aef186bbba254129cea1df08a20be414144ac3bdf0e84b24e3f3b2e05"},
    {file = "grpcio-1.60.1-cp312-cp312-win32.whl", hash = "sha256:a212e5dea1a4182e40cd3e4067ee46be9d10418092ce3627475e995cca95de21"},
    {file = "grpcio-1.60.1-cp312-cp312-win_amd64.whl", hash = "sha256:6e490fa5f7f5326222cb9f0b78f207a2b218a14edf39602e083d5f617354306f"},
    {file = "grpcio-1.60.1-cp37-cp37m-linux_armv7l.whl", hash = "sha256:4216e67ad9a4769117433814956031cb300f85edc855252a645a9a724b3b6594"},
    {file = "grpcio-1.60.1-cp37-cp37m-macosx_10_10_universal2.whl", hash = "sha256:73e14acd3d4247169955fae8fb103a2b900cfad21d0c35f0dcd0fdd54cd60367"},
    {file = "grpcio-1.60.1-cp37-cp37m-manylinux_2_17_aarch64.whl", hash = "sha256:6ecf21d20d02d1733e9c820fb5c114c749d888704a7ec824b545c12e78734d1c"},
    {file = "grpcio-1.60.1-cp37-cp37m-manylinux_2_17_i686.manylinux2014_i686.whl", hash = "sha256:33bdea30dcfd4f87b045d404388469eb48a48c33a6195a043d116ed1b9a0196c"},
    {file = "grpcio-1.60.1-cp37-cp37m-manylinux_2_17_x86_64.manylinux2014_x86_64.whl", hash = "sha256:53b69e79d00f78c81eecfb38f4516080dc7f36a198b6b37b928f1c13b3c063e9"},
    {file = "grpcio-1.60.1-cp37-cp37m-musllinux_1_1_i686.whl", hash = "sha256:39aa848794b887120b1d35b1b994e445cc028ff602ef267f87c38122c1add50d"},
    {file = "grpcio-1.60.1-cp37-cp37m-musllinux_1_1_x86_64.whl", hash = "sha256:72153a0d2e425f45b884540a61c6639436ddafa1829a42056aa5764b84108b8e"},
    {file = "grpcio-1.60.1-cp37-cp37m-win_amd64.whl", hash = "sha256:50d56280b482875d1f9128ce596e59031a226a8b84bec88cb2bf76c289f5d0de"},
    {file = "grpcio-1.60.1-cp38-cp38-linux_armv7l.whl", hash = "sha256:6d140bdeb26cad8b93c1455fa00573c05592793c32053d6e0016ce05ba267549"},
    {file = "grpcio-1.60.1-cp38-cp38-macosx_10_10_universal2.whl", hash = "sha256:bc808924470643b82b14fe121923c30ec211d8c693e747eba8a7414bc4351a23"},
    {file = "grpcio-1.60.1-cp38-cp38-manylinux_2_17_aarch64.whl", hash = "sha256:70c83bb530572917be20c21f3b6be92cd86b9aecb44b0c18b1d3b2cc3ae47df0"},
    {file = "grpcio-1.60.1-cp38-cp38-manylinux_2_17_i686.manylinux2014_i686.whl", hash = "sha256:9b106bc52e7f28170e624ba61cc7dc6829566e535a6ec68528f8e1afbed1c41f"},
    {file = "grpcio-1.60.1-cp38-cp38-manylinux_2_17_x86_64.manylinux2014_x86_64.whl", hash = "sha256:30e980cd6db1088c144b92fe376747328d5554bc7960ce583ec7b7d81cd47287"},
    {file = "grpcio-1.60.1-cp38-cp38-musllinux_1_1_i686.whl", hash = "sha256:0c5807e9152eff15f1d48f6b9ad3749196f79a4a050469d99eecb679be592acc"},
    {file = "grpcio-1.60.1-cp38-cp38-musllinux_1_1_x86_64.whl", hash = "sha256:f1c3dc536b3ee124e8b24feb7533e5c70b9f2ef833e3b2e5513b2897fd46763a"},
    {file = "grpcio-1.60.1-cp38-cp38-win32.whl", hash = "sha256:d7404cebcdb11bb5bd40bf94131faf7e9a7c10a6c60358580fe83913f360f929"},
    {file = "grpcio-1.60.1-cp38-cp38-win_amd64.whl", hash = "sha256:c8754c75f55781515a3005063d9a05878b2cfb3cb7e41d5401ad0cf19de14872"},
    {file = "grpcio-1.60.1-cp39-cp39-linux_armv7l.whl", hash = "sha256:0250a7a70b14000fa311de04b169cc7480be6c1a769b190769d347939d3232a8"},
    {file = "grpcio-1.60.1-cp39-cp39-macosx_10_10_universal2.whl", hash = "sha256:660fc6b9c2a9ea3bb2a7e64ba878c98339abaf1811edca904ac85e9e662f1d73"},
    {file = "grpcio-1.60.1-cp39-cp39-manylinux_2_17_aarch64.whl", hash = "sha256:76eaaba891083fcbe167aa0f03363311a9f12da975b025d30e94b93ac7a765fc"},
    {file = "grpcio-1.60.1-cp39-cp39-manylinux_2_17_i686.manylinux2014_i686.whl", hash = "sha256:e5d97c65ea7e097056f3d1ead77040ebc236feaf7f71489383d20f3b4c28412a"},
    {file = "grpcio-1.60.1-cp39-cp39-manylinux_2_17_x86_64.manylinux2014_x86_64.whl", hash = "sha256:2bb2a2911b028f01c8c64d126f6b632fcd8a9ac975aa1b3855766c94e4107180"},
    {file = "grpcio-1.60.1-cp39-cp39-musllinux_1_1_i686.whl", hash = "sha256:5a1ebbae7e2214f51b1f23b57bf98eeed2cf1ba84e4d523c48c36d5b2f8829ff"},
    {file = "grpcio-1.60.1-cp39-cp39-musllinux_1_1_x86_64.whl", hash = "sha256:9a66f4d2a005bc78e61d805ed95dedfcb35efa84b7bba0403c6d60d13a3de2d6"},
    {file = "grpcio-1.60.1-cp39-cp39-win32.whl", hash = "sha256:8d488fbdbf04283f0d20742b64968d44825617aa6717b07c006168ed16488804"},
    {file = "grpcio-1.60.1-cp39-cp39-win_amd64.whl", hash = "sha256:61b7199cd2a55e62e45bfb629a35b71fc2c0cb88f686a047f25b1112d3810904"},
    {file = "grpcio-1.60.1.tar.gz", hash = "sha256:dd1d3a8d1d2e50ad9b59e10aa7f07c7d1be2b367f3f2d33c5fade96ed5460962"},
]

[package.extras]
protobuf = ["grpcio-tools (>=1.60.1)"]

[[package]]
name = "gunicorn"
version = "21.2.0"
description = "WSGI HTTP Server for UNIX"
optional = false
python-versions = ">=3.5"
files = [
    {file = "gunicorn-21.2.0-py3-none-any.whl", hash = "sha256:3213aa5e8c24949e792bcacfc176fef362e7aac80b76c56f6b5122bf350722f0"},
    {file = "gunicorn-21.2.0.tar.gz", hash = "sha256:88ec8bff1d634f98e61b9f65bc4bf3cd918a90806c6f5c48bc5603849ec81033"},
]

[package.dependencies]
packaging = "*"

[package.extras]
eventlet = ["eventlet (>=0.24.1)"]
gevent = ["gevent (>=1.4.0)"]
setproctitle = ["setproctitle"]
tornado = ["tornado (>=0.2)"]

[[package]]
name = "itsdangerous"
version = "2.1.2"
description = "Safely pass data to untrusted environments and back."
optional = false
python-versions = ">=3.7"
files = [
    {file = "itsdangerous-2.1.2-py3-none-any.whl", hash = "sha256:2c2349112351b88699d8d4b6b075022c0808887cb7ad10069318a8b0bc88db44"},
    {file = "itsdangerous-2.1.2.tar.gz", hash = "sha256:5dbbc68b317e5e42f327f9021763545dc3fc3bfe22e6deb96aaf1fc38874156a"},
]

[[package]]
name = "jinja2"
version = "3.1.2"
description = "A very fast and expressive template engine."
optional = false
python-versions = ">=3.7"
files = [
    {file = "Jinja2-3.1.2-py3-none-any.whl", hash = "sha256:6088930bfe239f0e6710546ab9c19c9ef35e29792895fed6e6e31a023a182a61"},
    {file = "Jinja2-3.1.2.tar.gz", hash = "sha256:31351a702a408a9e7595a8fc6150fc3f43bb6bf7e319770cbc0db9df9437e852"},
]

[package.dependencies]
MarkupSafe = ">=2.0"

[package.extras]
i18n = ["Babel (>=2.7)"]

[[package]]
name = "markupsafe"
version = "2.1.3"
description = "Safely add untrusted strings to HTML/XML markup."
optional = false
python-versions = ">=3.7"
files = [
    {file = "MarkupSafe-2.1.3-cp310-cp310-macosx_10_9_universal2.whl", hash = "sha256:cd0f502fe016460680cd20aaa5a76d241d6f35a1c3350c474bac1273803893fa"},
    {file = "MarkupSafe-2.1.3-cp310-cp310-macosx_10_9_x86_64.whl", hash = "sha256:e09031c87a1e51556fdcb46e5bd4f59dfb743061cf93c4d6831bf894f125eb57"},
    {file = "MarkupSafe-2.1.3-cp310-cp310-manylinux_2_17_aarch64.manylinux2014_aarch64.whl", hash = "sha256:68e78619a61ecf91e76aa3e6e8e33fc4894a2bebe93410754bd28fce0a8a4f9f"},
    {file = "MarkupSafe-2.1.3-cp310-cp310-manylinux_2_17_x86_64.manylinux2014_x86_64.whl", hash = "sha256:65c1a9bcdadc6c28eecee2c119465aebff8f7a584dd719facdd9e825ec61ab52"},
    {file = "MarkupSafe-2.1.3-cp310-cp310-manylinux_2_5_i686.manylinux1_i686.manylinux_2_17_i686.manylinux2014_i686.whl", hash = "sha256:525808b8019e36eb524b8c68acdd63a37e75714eac50e988180b169d64480a00"},
    {file = "MarkupSafe-2.1.3-cp310-cp310-musllinux_1_1_aarch64.whl", hash = "sha256:962f82a3086483f5e5f64dbad880d31038b698494799b097bc59c2edf392fce6"},
    {file = "MarkupSafe-2.1.3-cp310-cp310-musllinux_1_1_i686.whl", hash = "sha256:aa7bd130efab1c280bed0f45501b7c8795f9fdbeb02e965371bbef3523627779"},
    {file = "MarkupSafe-2.1.3-cp310-cp310-musllinux_1_1_x86_64.whl", hash = "sha256:c9c804664ebe8f83a211cace637506669e7890fec1b4195b505c214e50dd4eb7"},
    {file = "MarkupSafe-2.1.3-cp310-cp310-win32.whl", hash = "sha256:10bbfe99883db80bdbaff2dcf681dfc6533a614f700da1287707e8a5d78a8431"},
    {file = "MarkupSafe-2.1.3-cp310-cp310-win_amd64.whl", hash = "sha256:1577735524cdad32f9f694208aa75e422adba74f1baee7551620e43a3141f559"},
    {file = "MarkupSafe-2.1.3-cp311-cp311-macosx_10_9_universal2.whl", hash = "sha256:ad9e82fb8f09ade1c3e1b996a6337afac2b8b9e365f926f5a61aacc71adc5b3c"},
    {file = "MarkupSafe-2.1.3-cp311-cp311-macosx_10_9_x86_64.whl", hash = "sha256:3c0fae6c3be832a0a0473ac912810b2877c8cb9d76ca48de1ed31e1c68386575"},
    {file = "MarkupSafe-2.1.3-cp311-cp311-manylinux_2_17_aarch64.manylinux2014_aarch64.whl", hash = "sha256:b076b6226fb84157e3f7c971a47ff3a679d837cf338547532ab866c57930dbee"},
    {file = "MarkupSafe-2.1.3-cp311-cp311-manylinux_2_17_x86_64.manylinux2014_x86_64.whl", hash = "sha256:bfce63a9e7834b12b87c64d6b155fdd9b3b96191b6bd334bf37db7ff1fe457f2"},
    {file = "MarkupSafe-2.1.3-cp311-cp311-manylinux_2_5_i686.manylinux1_i686.manylinux_2_17_i686.manylinux2014_i686.whl", hash = "sha256:338ae27d6b8745585f87218a3f23f1512dbf52c26c28e322dbe54bcede54ccb9"},
    {file = "MarkupSafe-2.1.3-cp311-cp311-musllinux_1_1_aarch64.whl", hash = "sha256:e4dd52d80b8c83fdce44e12478ad2e85c64ea965e75d66dbeafb0a3e77308fcc"},
    {file = "MarkupSafe-2.1.3-cp311-cp311-musllinux_1_1_i686.whl", hash = "sha256:df0be2b576a7abbf737b1575f048c23fb1d769f267ec4358296f31c2479db8f9"},
    {file = "MarkupSafe-2.1.3-cp311-cp311-musllinux_1_1_x86_64.whl", hash = "sha256:5bbe06f8eeafd38e5d0a4894ffec89378b6c6a625ff57e3028921f8ff59318ac"},
    {file = "MarkupSafe-2.1.3-cp311-cp311-win32.whl", hash = "sha256:dd15ff04ffd7e05ffcb7fe79f1b98041b8ea30ae9234aed2a9168b5797c3effb"},
    {file = "MarkupSafe-2.1.3-cp311-cp311-win_amd64.whl", hash = "sha256:134da1eca9ec0ae528110ccc9e48041e0828d79f24121a1a146161103c76e686"},
    {file = "MarkupSafe-2.1.3-cp312-cp312-macosx_10_9_universal2.whl", hash = "sha256:f698de3fd0c4e6972b92290a45bd9b1536bffe8c6759c62471efaa8acb4c37bc"},
    {file = "MarkupSafe-2.1.3-cp312-cp312-macosx_10_9_x86_64.whl", hash = "sha256:aa57bd9cf8ae831a362185ee444e15a93ecb2e344c8e52e4d721ea3ab6ef1823"},
    {file = "MarkupSafe-2.1.3-cp312-cp312-manylinux_2_17_aarch64.manylinux2014_aarch64.whl", hash = "sha256:ffcc3f7c66b5f5b7931a5aa68fc9cecc51e685ef90282f4a82f0f5e9b704ad11"},
    {file = "MarkupSafe-2.1.3-cp312-cp312-manylinux_2_17_x86_64.manylinux2014_x86_64.whl", hash = "sha256:47d4f1c5f80fc62fdd7777d0d40a2e9dda0a05883ab11374334f6c4de38adffd"},
    {file = "MarkupSafe-2.1.3-cp312-cp312-manylinux_2_5_i686.manylinux1_i686.manylinux_2_17_i686.manylinux2014_i686.whl", hash = "sha256:1f67c7038d560d92149c060157d623c542173016c4babc0c1913cca0564b9939"},
    {file = "MarkupSafe-2.1.3-cp312-cp312-musllinux_1_1_aarch64.whl", hash = "sha256:9aad3c1755095ce347e26488214ef77e0485a3c34a50c5a5e2471dff60b9dd9c"},
    {file = "MarkupSafe-2.1.3-cp312-cp312-musllinux_1_1_i686.whl", hash = "sha256:14ff806850827afd6b07a5f32bd917fb7f45b046ba40c57abdb636674a8b559c"},
    {file = "MarkupSafe-2.1.3-cp312-cp312-musllinux_1_1_x86_64.whl", hash = "sha256:8f9293864fe09b8149f0cc42ce56e3f0e54de883a9de90cd427f191c346eb2e1"},
    {file = "MarkupSafe-2.1.3-cp312-cp312-win32.whl", hash = "sha256:715d3562f79d540f251b99ebd6d8baa547118974341db04f5ad06d5ea3eb8007"},
    {file = "MarkupSafe-2.1.3-cp312-cp312-win_amd64.whl", hash = "sha256:1b8dd8c3fd14349433c79fa8abeb573a55fc0fdd769133baac1f5e07abf54aeb"},
    {file = "MarkupSafe-2.1.3-cp37-cp37m-macosx_10_9_x86_64.whl", hash = "sha256:8e254ae696c88d98da6555f5ace2279cf7cd5b3f52be2b5cf97feafe883b58d2"},
    {file = "MarkupSafe-2.1.3-cp37-cp37m-manylinux_2_17_aarch64.manylinux2014_aarch64.whl", hash = "sha256:cb0932dc158471523c9637e807d9bfb93e06a95cbf010f1a38b98623b929ef2b"},
    {file = "MarkupSafe-2.1.3-cp37-cp37m-manylinux_2_17_x86_64.manylinux2014_x86_64.whl", hash = "sha256:9402b03f1a1b4dc4c19845e5c749e3ab82d5078d16a2a4c2cd2df62d57bb0707"},
    {file = "MarkupSafe-2.1.3-cp37-cp37m-manylinux_2_5_i686.manylinux1_i686.manylinux_2_17_i686.manylinux2014_i686.whl", hash = "sha256:ca379055a47383d02a5400cb0d110cef0a776fc644cda797db0c5696cfd7e18e"},
    {file = "MarkupSafe-2.1.3-cp37-cp37m-musllinux_1_1_aarch64.whl", hash = "sha256:b7ff0f54cb4ff66dd38bebd335a38e2c22c41a8ee45aa608efc890ac3e3931bc"},
    {file = "MarkupSafe-2.1.3-cp37-cp37m-musllinux_1_1_i686.whl", hash = "sha256:c011a4149cfbcf9f03994ec2edffcb8b1dc2d2aede7ca243746df97a5d41ce48"},
    {file = "MarkupSafe-2.1.3-cp37-cp37m-musllinux_1_1_x86_64.whl", hash = "sha256:56d9f2ecac662ca1611d183feb03a3fa4406469dafe241673d521dd5ae92a155"},
    {file = "MarkupSafe-2.1.3-cp37-cp37m-win32.whl", hash = "sha256:8758846a7e80910096950b67071243da3e5a20ed2546e6392603c096778d48e0"},
    {file = "MarkupSafe-2.1.3-cp37-cp37m-win_amd64.whl", hash = "sha256:787003c0ddb00500e49a10f2844fac87aa6ce977b90b0feaaf9de23c22508b24"},
    {file = "MarkupSafe-2.1.3-cp38-cp38-macosx_10_9_universal2.whl", hash = "sha256:2ef12179d3a291be237280175b542c07a36e7f60718296278d8593d21ca937d4"},
    {file = "MarkupSafe-2.1.3-cp38-cp38-macosx_10_9_x86_64.whl", hash = "sha256:2c1b19b3aaacc6e57b7e25710ff571c24d6c3613a45e905b1fde04d691b98ee0"},
    {file = "MarkupSafe-2.1.3-cp38-cp38-manylinux_2_17_aarch64.manylinux2014_aarch64.whl", hash = "sha256:8afafd99945ead6e075b973fefa56379c5b5c53fd8937dad92c662da5d8fd5ee"},
    {file = "MarkupSafe-2.1.3-cp38-cp38-manylinux_2_17_x86_64.manylinux2014_x86_64.whl", hash = "sha256:8c41976a29d078bb235fea9b2ecd3da465df42a562910f9022f1a03107bd02be"},
    {file = "MarkupSafe-2.1.3-cp38-cp38-manylinux_2_5_i686.manylinux1_i686.manylinux_2_17_i686.manylinux2014_i686.whl", hash = "sha256:d080e0a5eb2529460b30190fcfcc4199bd7f827663f858a226a81bc27beaa97e"},
    {file = "MarkupSafe-2.1.3-cp38-cp38-musllinux_1_1_aarch64.whl", hash = "sha256:69c0f17e9f5a7afdf2cc9fb2d1ce6aabdb3bafb7f38017c0b77862bcec2bbad8"},
    {file = "MarkupSafe-2.1.3-cp38-cp38-musllinux_1_1_i686.whl", hash = "sha256:504b320cd4b7eff6f968eddf81127112db685e81f7e36e75f9f84f0df46041c3"},
    {file = "MarkupSafe-2.1.3-cp38-cp38-musllinux_1_1_x86_64.whl", hash = "sha256:42de32b22b6b804f42c5d98be4f7e5e977ecdd9ee9b660fda1a3edf03b11792d"},
    {file = "MarkupSafe-2.1.3-cp38-cp38-win32.whl", hash = "sha256:ceb01949af7121f9fc39f7d27f91be8546f3fb112c608bc4029aef0bab86a2a5"},
    {file = "MarkupSafe-2.1.3-cp38-cp38-win_amd64.whl", hash = "sha256:1b40069d487e7edb2676d3fbdb2b0829ffa2cd63a2ec26c4938b2d34391b4ecc"},
    {file = "MarkupSafe-2.1.3-cp39-cp39-macosx_10_9_universal2.whl", hash = "sha256:8023faf4e01efadfa183e863fefde0046de576c6f14659e8782065bcece22198"},
    {file = "MarkupSafe-2.1.3-cp39-cp39-macosx_10_9_x86_64.whl", hash = "sha256:6b2b56950d93e41f33b4223ead100ea0fe11f8e6ee5f641eb753ce4b77a7042b"},
    {file = "MarkupSafe-2.1.3-cp39-cp39-manylinux_2_17_aarch64.manylinux2014_aarch64.whl", hash = "sha256:9dcdfd0eaf283af041973bff14a2e143b8bd64e069f4c383416ecd79a81aab58"},
    {file = "MarkupSafe-2.1.3-cp39-cp39-manylinux_2_17_x86_64.manylinux2014_x86_64.whl", hash = "sha256:05fb21170423db021895e1ea1e1f3ab3adb85d1c2333cbc2310f2a26bc77272e"},
    {file = "MarkupSafe-2.1.3-cp39-cp39-manylinux_2_5_i686.manylinux1_i686.manylinux_2_17_i686.manylinux2014_i686.whl", hash = "sha256:282c2cb35b5b673bbcadb33a585408104df04f14b2d9b01d4c345a3b92861c2c"},
    {file = "MarkupSafe-2.1.3-cp39-cp39-musllinux_1_1_aarch64.whl", hash = "sha256:ab4a0df41e7c16a1392727727e7998a467472d0ad65f3ad5e6e765015df08636"},
    {file = "MarkupSafe-2.1.3-cp39-cp39-musllinux_1_1_i686.whl", hash = "sha256:7ef3cb2ebbf91e330e3bb937efada0edd9003683db6b57bb108c4001f37a02ea"},
    {file = "MarkupSafe-2.1.3-cp39-cp39-musllinux_1_1_x86_64.whl", hash = "sha256:0a4e4a1aff6c7ac4cd55792abf96c915634c2b97e3cc1c7129578aa68ebd754e"},
    {file = "MarkupSafe-2.1.3-cp39-cp39-win32.whl", hash = "sha256:fec21693218efe39aa7f8599346e90c705afa52c5b31ae019b2e57e8f6542bb2"},
    {file = "MarkupSafe-2.1.3-cp39-cp39-win_amd64.whl", hash = "sha256:3fd4abcb888d15a94f32b75d8fd18ee162ca0c064f35b11134be77050296d6ba"},
    {file = "MarkupSafe-2.1.3.tar.gz", hash = "sha256:af598ed32d6ae86f1b747b82783958b1a4ab8f617b06fe68795c7f026abbdcad"},
]

[[package]]
name = "packaging"
version = "23.2"
description = "Core utilities for Python packages"
optional = false
python-versions = ">=3.7"
files = [
    {file = "packaging-23.2-py3-none-any.whl", hash = "sha256:8c491190033a9af7e1d931d0b5dacc2ef47509b34dd0de67ed209b5203fc88c7"},
    {file = "packaging-23.2.tar.gz", hash = "sha256:048fb0e9405036518eaaf48a55953c750c11e1a1b68e0dd1a9d62ed0c092cfc5"},
]

[[package]]
name = "protobuf"
version = "4.25.3"
description = ""
optional = false
python-versions = ">=3.8"
files = [
    {file = "protobuf-4.25.3-cp310-abi3-win32.whl", hash = "sha256:d4198877797a83cbfe9bffa3803602bbe1625dc30d8a097365dbc762e5790faa"},
    {file = "protobuf-4.25.3-cp310-abi3-win_amd64.whl", hash = "sha256:209ba4cc916bab46f64e56b85b090607a676f66b473e6b762e6f1d9d591eb2e8"},
    {file = "protobuf-4.25.3-cp37-abi3-macosx_10_9_universal2.whl", hash = "sha256:f1279ab38ecbfae7e456a108c5c0681e4956d5b1090027c1de0f934dfdb4b35c"},
    {file = "protobuf-4.25.3-cp37-abi3-manylinux2014_aarch64.whl", hash = "sha256:e7cb0ae90dd83727f0c0718634ed56837bfeeee29a5f82a7514c03ee1364c019"},
    {file = "protobuf-4.25.3-cp37-abi3-manylinux2014_x86_64.whl", hash = "sha256:7c8daa26095f82482307bc717364e7c13f4f1c99659be82890dcfc215194554d"},
    {file = "protobuf-4.25.3-cp38-cp38-win32.whl", hash = "sha256:f4f118245c4a087776e0a8408be33cf09f6c547442c00395fbfb116fac2f8ac2"},
    {file = "protobuf-4.25.3-cp38-cp38-win_amd64.whl", hash = "sha256:c053062984e61144385022e53678fbded7aea14ebb3e0305ae3592fb219ccfa4"},
    {file = "protobuf-4.25.3-cp39-cp39-win32.whl", hash = "sha256:19b270aeaa0099f16d3ca02628546b8baefe2955bbe23224aaf856134eccf1e4"},
    {file = "protobuf-4.25.3-cp39-cp39-win_amd64.whl", hash = "sha256:e3c97a1555fd6388f857770ff8b9703083de6bf1f9274a002a332d65fbb56c8c"},
    {file = "protobuf-4.25.3-py3-none-any.whl", hash = "sha256:f0700d54bcf45424477e46a9f0944155b46fb0639d69728739c0e47bab83f2b9"},
    {file = "protobuf-4.25.3.tar.gz", hash = "sha256:25b5d0b42fd000320bd7830b349e3b696435f3b329810427a6bcce6a5492cc5c"},
]

[[package]]
name = "pytz"
version = "2024.1"
description = "World timezone definitions, modern and historical"
optional = false
python-versions = "*"
files = [
    {file = "pytz-2024.1-py2.py3-none-any.whl", hash = "sha256:328171f4e3623139da4983451950b28e95ac706e13f3f2630a879749e7a8b319"},
    {file = "pytz-2024.1.tar.gz", hash = "sha256:2a29735ea9c18baf14b448846bde5a48030ed267578472d8955cd0e7443a9812"},
]

[[package]]
name = "werkzeug"
version = "3.0.0"
description = "The comprehensive WSGI web application library."
optional = false
python-versions = ">=3.8"
files = [
    {file = "werkzeug-3.0.0-py3-none-any.whl", hash = "sha256:cbb2600f7eabe51dbc0502f58be0b3e1b96b893b05695ea2b35b43d4de2d9962"},
    {file = "werkzeug-3.0.0.tar.gz", hash = "sha256:3ffff4dcc32db52ef3cc94dff3000a3c2846890f3a5a51800a27b909c5e770f0"},
]

[package.dependencies]
MarkupSafe = ">=2.1.1"

[package.extras]
watchdog = ["watchdog (>=2.3)"]

[[package]]
name = "xds-protos"
version = "1.60.1"
description = "Generated Python code from envoyproxy/data-plane-api"
optional = false
python-versions = ">=3.7"
files = [
    {file = "xds-protos-1.60.1.tar.gz", hash = "sha256:85a447abe7c40fb2cda64807a8b8d78823afea12272b233c24eb17a674af2a6c"},
    {file = "xds_protos-1.60.1-py3-none-any.whl", hash = "sha256:43016dd36d09c0470ce99addbb9773ac70ed883985d8f266f9e5136c519e7e62"},
]

[package.dependencies]
grpcio = ">=1.49.0"
protobuf = ">=4.21.6,<5.0dev"

[metadata]
lock-version = "2.0"
python-versions = ">=3.10.0,<3.11"
content-hash = "a1179ecb72b04e0aa8da62b06228071163c49a2e59ff0da959758a35ea10174d"
